
Microsoft Visual Studio Solution File, Format Version 11.00
# Visual Studio 2010
Project("{F184B08F-C81C-45F6-A57F-5ABD9991F28F}") = "BayaniOneMVC2", "BayaniOneMVC2\BayaniOneMVC2.vbproj", "{2739F9CA-DF22-4230-86DC-7A52E311A32B}"
EndProject
Global
	GlobalSection(SolutionConfigurationPlatforms) = preSolution
		Debug|Any CPU = Debug|Any CPU
		Release|Any CPU = Release|Any CPU
	EndGlobalSection
	GlobalSection(ProjectConfigurationPlatforms) = postSolution
		{2739F9CA-DF22-4230-86DC-7A52E311A32B}.Debug|Any CPU.ActiveCfg = Debug|Any CPU
		{2739F9CA-DF22-4230-86DC-7A52E311A32B}.Debug|Any CPU.Build.0 = Debug|Any CPU
		{2739F9CA-DF22-4230-86DC-7A52E311A32B}.Release|Any CPU.ActiveCfg = Release|Any CPU
		{2739F9CA-DF22-4230-86DC-7A52E311A32B}.Release|Any CPU.Build.0 = Release|Any CPU
	EndGlobalSection
	GlobalSection(SolutionProperties) = preSolution
		HideSolutionNode = FALSE
	EndGlobalSection
EndGlobal
